
Microsoft Visual Studio Solution File, Format Version 12.00
# Visual Studio Version 17
VisualStudioVersion = 17.6.33815.320
MinimumVisualStudioVersion = 10.0.40219.1
Project("{FAE04EC0-301F-11D3-BF4B-00C04F79EFBC}") = "QuestRazor", "QuestRazor.csproj", "{A2A9E738-BB64-4713-B5B8-FE7E7A464450}"
EndProject
Global
	GlobalSection(SolutionConfigurationPlatforms) = preSolution
		Debug|Any CPU = Debug|Any CPU
		Release|Any CPU = Release|Any CPU
	EndGlobalSection
	GlobalSection(ProjectConfigurationPlatforms) = postSolution
		{A2A9E738-BB64-4713-B5B8-FE7E7A464450}.Debug|Any CPU.ActiveCfg = Debug|Any CPU
		{A2A9E738-BB64-4713-B5B8-FE7E7A464450}.Debug|Any CPU.Build.0 = Debug|Any CPU
		{A2A9E738-BB64-4713-B5B8-FE7E7A464450}.Release|Any CPU.ActiveCfg = Release|Any CPU
		{A2A9E738-BB64-4713-B5B8-FE7E7A464450}.Release|Any CPU.Build.0 = Release|Any CPU
	EndGlobalSection
	GlobalSection(SolutionProperties) = preSolution
		HideSolutionNode = FALSE
	EndGlobalSection
	GlobalSection(ExtensibilityGlobals) = postSolution
		SolutionGuid = {3229D80E-58F9-4950-AFF9-F302C5990CA4}
	EndGlobalSection
EndGlobal
